// !$*UTF8*$!
{
	archiveVersion = 1;
	classes = {
	};
	objectVersion = 60;
	objects = {

/* Begin PBXBuildFile section */
		172618822C1B2D21008DD3A0 /* PrivacyPolicyViewModel.swift in Sources */ = {isa = PBXBuildFile; fileRef = 172618812C1B2D21008DD3A0 /* PrivacyPolicyViewModel.swift */; };
		172618862C1B2EA0008DD3A0 /* TermsOfUseViewModel.swift in Sources */ = {isa = PBXBuildFile; fileRef = 172618852C1B2EA0008DD3A0 /* TermsOfUseViewModel.swift */; };
		172618882C1B30B1008DD3A0 /* ContentSection.swift in Sources */ = {isa = PBXBuildFile; fileRef = 172618872C1B30B1008DD3A0 /* ContentSection.swift */; };
		1726188A2C1B31AA008DD3A0 /* CountryPickerViewModel.swift in Sources */ = {isa = PBXBuildFile; fileRef = 172618892C1B31AA008DD3A0 /* CountryPickerViewModel.swift */; };
		17323EA42C1A0A6F0081F08A /* MessengerApp.swift in Sources */ = {isa = PBXBuildFile; fileRef = 17323EA32C1A0A6F0081F08A /* MessengerApp.swift */; };
		17323EA62C1A0A6F0081F08A /* ContentView.swift in Sources */ = {isa = PBXBuildFile; fileRef = 17323EA52C1A0A6F0081F08A /* ContentView.swift */; };
		17323EA82C1A0A710081F08A /* Assets.xcassets in Resources */ = {isa = PBXBuildFile; fileRef = 17323EA72C1A0A710081F08A /* Assets.xcassets */; };
		17323EAB2C1A0A710081F08A /* Preview Assets.xcassets in Resources */ = {isa = PBXBuildFile; fileRef = 17323EAA2C1A0A710081F08A /* Preview Assets.xcassets */; };
		17323EB52C1A0A710081F08A /* MessengerTests.swift in Sources */ = {isa = PBXBuildFile; fileRef = 17323EB42C1A0A710081F08A /* MessengerTests.swift */; };
		17323EBF2C1A0A710081F08A /* MessengerUITests.swift in Sources */ = {isa = PBXBuildFile; fileRef = 17323EBE2C1A0A710081F08A /* MessengerUITests.swift */; };
		17323EC12C1A0A710081F08A /* MessengerUITestsLaunchTests.swift in Sources */ = {isa = PBXBuildFile; fileRef = 17323EC02C1A0A710081F08A /* MessengerUITestsLaunchTests.swift */; };
		17323ECE2C1A0B270081F08A /* WalkthroughView.swift in Sources */ = {isa = PBXBuildFile; fileRef = 17323ECD2C1A0B270081F08A /* WalkthroughView.swift */; };
		17323ED02C1A0B5C0081F08A /* PrivacyPolicyView.swift in Sources */ = {isa = PBXBuildFile; fileRef = 17323ECF2C1A0B5C0081F08A /* PrivacyPolicyView.swift */; };
		17323ED22C1A0B840081F08A /* TermsOfUseView.swift in Sources */ = {isa = PBXBuildFile; fileRef = 17323ED12C1A0B840081F08A /* TermsOfUseView.swift */; };
		17323ED42C1A0BB70081F08A /* VerificationPhoneView.swift in Sources */ = {isa = PBXBuildFile; fileRef = 17323ED32C1A0BB70081F08A /* VerificationPhoneView.swift */; };
		17323ED62C1A226E0081F08A /* VerificationCodeView.swift in Sources */ = {isa = PBXBuildFile; fileRef = 17323ED52C1A226E0081F08A /* VerificationCodeView.swift */; };
		173A7AF12C1A3A530019C33D /* CountryPickerView.swift in Sources */ = {isa = PBXBuildFile; fileRef = 173A7AF02C1A3A530019C33D /* CountryPickerView.swift */; };
		173A7AF32C1A52150019C33D /* ProfileAccountView.swift in Sources */ = {isa = PBXBuildFile; fileRef = 173A7AF22C1A52150019C33D /* ProfileAccountView.swift */; };
		1799396D2C1CBD57000711E5 /* SF-Pro-Display-UltralightItalic.otf in Resources */ = {isa = PBXBuildFile; fileRef = 1799395B2C1CBD55000711E5 /* SF-Pro-Display-UltralightItalic.otf */; };
		179AA86D2C1CD43A0005B5D7 /* Font+Typography.swift.swift in Sources */ = {isa = PBXBuildFile; fileRef = 179AA86C2C1CD43A0005B5D7 /* Font+Typography.swift.swift */; };
		17B20CE32C1CCE64004DC637 /* SF-Pro-Display-ThinItalic.otf in Resources */ = {isa = PBXBuildFile; fileRef = 17B20CD12C1CCE62004DC637 /* SF-Pro-Display-ThinItalic.otf */; };
		17B20CE42C1CCE64004DC637 /* SF-Pro-Display-Ultralight.otf in Resources */ = {isa = PBXBuildFile; fileRef = 17B20CD22C1CCE62004DC637 /* SF-Pro-Display-Ultralight.otf */; };
		17B20CE62C1CCE64004DC637 /* SF-Pro-Display-Black.otf in Resources */ = {isa = PBXBuildFile; fileRef = 17B20CD42C1CCE63004DC637 /* SF-Pro-Display-Black.otf */; };
		17B20CE72C1CCE64004DC637 /* SF-Pro-Display-Light.otf in Resources */ = {isa = PBXBuildFile; fileRef = 17B20CD52C1CCE63004DC637 /* SF-Pro-Display-Light.otf */; };
		17B20CE82C1CCE64004DC637 /* SF-Pro-Display-Bold.otf in Resources */ = {isa = PBXBuildFile; fileRef = 17B20CD62C1CCE63004DC637 /* SF-Pro-Display-Bold.otf */; };
		17B20CE92C1CCE64004DC637 /* SF-Pro-Display-HeavyItalic.otf in Resources */ = {isa = PBXBuildFile; fileRef = 17B20CD72C1CCE63004DC637 /* SF-Pro-Display-HeavyItalic.otf */; };
		17B20CEA2C1CCE64004DC637 /* SF-Pro-Display-MediumItalic.otf in Resources */ = {isa = PBXBuildFile; fileRef = 17B20CD82C1CCE63004DC637 /* SF-Pro-Display-MediumItalic.otf */; };
		17B20CEB2C1CCE64004DC637 /* SF-Pro-Display-RegularItalic.otf in Resources */ = {isa = PBXBuildFile; fileRef = 17B20CD92C1CCE63004DC637 /* SF-Pro-Display-RegularItalic.otf */; };
		17B20CEC2C1CCE64004DC637 /* SF-Pro-Display-LightItalic.otf in Resources */ = {isa = PBXBuildFile; fileRef = 17B20CDA2C1CCE63004DC637 /* SF-Pro-Display-LightItalic.otf */; };
		17B20CED2C1CCE64004DC637 /* SF-Pro-Display-BoldItalic.otf in Resources */ = {isa = PBXBuildFile; fileRef = 17B20CDB2C1CCE63004DC637 /* SF-Pro-Display-BoldItalic.otf */; };
		17B20CEE2C1CCE64004DC637 /* SF-Pro-Display-Heavy.otf in Resources */ = {isa = PBXBuildFile; fileRef = 17B20CDC2C1CCE64004DC637 /* SF-Pro-Display-Heavy.otf */; };
		17B20CEF2C1CCE64004DC637 /* SF-Pro-Display-Regular.otf in Resources */ = {isa = PBXBuildFile; fileRef = 17B20CDD2C1CCE64004DC637 /* SF-Pro-Display-Regular.otf */; };
		17B20CF02C1CCE64004DC637 /* SF-Pro-Display-Medium.otf in Resources */ = {isa = PBXBuildFile; fileRef = 17B20CDE2C1CCE64004DC637 /* SF-Pro-Display-Medium.otf */; };
		17B20CF12C1CCE64004DC637 /* SF-Pro-Display-BlackItalic.otf in Resources */ = {isa = PBXBuildFile; fileRef = 17B20CDF2C1CCE64004DC637 /* SF-Pro-Display-BlackItalic.otf */; };
		17B20CF22C1CCE64004DC637 /* SF-Pro-Display-Semibold.otf in Resources */ = {isa = PBXBuildFile; fileRef = 17B20CE02C1CCE64004DC637 /* SF-Pro-Display-Semibold.otf */; };
		17B20CF32C1CCE64004DC637 /* SF-Pro-Display-SemiboldItalic.otf in Resources */ = {isa = PBXBuildFile; fileRef = 17B20CE12C1CCE64004DC637 /* SF-Pro-Display-SemiboldItalic.otf */; };
		17B20CF42C1CCE64004DC637 /* SF-Pro-Display-Thin.otf in Resources */ = {isa = PBXBuildFile; fileRef = 17B20CE22C1CCE64004DC637 /* SF-Pro-Display-Thin.otf */; };
		17F74EE72C1AF36700EAF107 /* Country.swift in Sources */ = {isa = PBXBuildFile; fileRef = 17F74EE62C1AF36700EAF107 /* Country.swift */; };
		17F74EE92C1AF37600EAF107 /* User.swift in Sources */ = {isa = PBXBuildFile; fileRef = 17F74EE82C1AF37600EAF107 /* User.swift */; };
		17F74EEB2C1AF38400EAF107 /* NavigationItem.swift in Sources */ = {isa = PBXBuildFile; fileRef = 17F74EEA2C1AF38400EAF107 /* NavigationItem.swift */; };
		17F74EFD2C1AF43400EAF107 /* WalkthroughViewModel.swift in Sources */ = {isa = PBXBuildFile; fileRef = 17F74EFC2C1AF43400EAF107 /* WalkthroughViewModel.swift */; };
		17F74EFF2C1AF44100EAF107 /* VerificationPhoneViewModel.swift in Sources */ = {isa = PBXBuildFile; fileRef = 17F74EFE2C1AF44100EAF107 /* VerificationPhoneViewModel.swift */; };
		17F74F012C1AF44C00EAF107 /* VerificationCodeViewModel.swift in Sources */ = {isa = PBXBuildFile; fileRef = 17F74F002C1AF44C00EAF107 /* VerificationCodeViewModel.swift */; };
		17F74F032C1AF45800EAF107 /* ProfileAccountViewModel.swift in Sources */ = {isa = PBXBuildFile; fileRef = 17F74F022C1AF45800EAF107 /* ProfileAccountViewModel.swift */; };
/* End PBXBuildFile section */

/* Begin PBXContainerItemProxy section */
		17323EB12C1A0A710081F08A /* PBXContainerItemProxy */ = {
			isa = PBXContainerItemProxy;
			containerPortal = 17323E982C1A0A6F0081F08A /* Project object */;
			proxyType = 1;
			remoteGlobalIDString = 17323E9F2C1A0A6F0081F08A;
			remoteInfo = Messenger;
		};
		17323EBB2C1A0A710081F08A /* PBXContainerItemProxy */ = {
			isa = PBXContainerItemProxy;
			containerPortal = 17323E982C1A0A6F0081F08A /* Project object */;
			proxyType = 1;
			remoteGlobalIDString = 17323E9F2C1A0A6F0081F08A;
			remoteInfo = Messenger;
		};
/* End PBXContainerItemProxy section */

/* Begin PBXFileReference section */
		172618812C1B2D21008DD3A0 /* PrivacyPolicyViewModel.swift */ = {isa = PBXFileReference; lastKnownFileType = sourcecode.swift; path = PrivacyPolicyViewModel.swift; sourceTree = "<group>"; };
		172618852C1B2EA0008DD3A0 /* TermsOfUseViewModel.swift */ = {isa = PBXFileReference; lastKnownFileType = sourcecode.swift; path = TermsOfUseViewModel.swift; sourceTree = "<group>"; };
		172618872C1B30B1008DD3A0 /* ContentSection.swift */ = {isa = PBXFileReference; lastKnownFileType = sourcecode.swift; path = ContentSection.swift; sourceTree = "<group>"; };
		172618892C1B31AA008DD3A0 /* CountryPickerViewModel.swift */ = {isa = PBXFileReference; lastKnownFileType = sourcecode.swift; path = CountryPickerViewModel.swift; sourceTree = "<group>"; };
		17323EA02C1A0A6F0081F08A /* Messenger.app */ = {isa = PBXFileReference; explicitFileType = wrapper.application; includeInIndex = 0; path = Messenger.app; sourceTree = BUILT_PRODUCTS_DIR; };
		17323EA32C1A0A6F0081F08A /* MessengerApp.swift */ = {isa = PBXFileReference; lastKnownFileType = sourcecode.swift; path = MessengerApp.swift; sourceTree = "<group>"; };
		17323EA52C1A0A6F0081F08A /* ContentView.swift */ = {isa = PBXFileReference; lastKnownFileType = sourcecode.swift; path = ContentView.swift; sourceTree = "<group>"; };
		17323EA72C1A0A710081F08A /* Assets.xcassets */ = {isa = PBXFileReference; lastKnownFileType = folder.assetcatalog; path = Assets.xcassets; sourceTree = "<group>"; };
		17323EAA2C1A0A710081F08A /* Preview Assets.xcassets */ = {isa = PBXFileReference; lastKnownFileType = folder.assetcatalog; path = "Preview Assets.xcassets"; sourceTree = "<group>"; };
		17323EB02C1A0A710081F08A /* MessengerTests.xctest */ = {isa = PBXFileReference; explicitFileType = wrapper.cfbundle; includeInIndex = 0; path = MessengerTests.xctest; sourceTree = BUILT_PRODUCTS_DIR; };
		17323EB42C1A0A710081F08A /* MessengerTests.swift */ = {isa = PBXFileReference; lastKnownFileType = sourcecode.swift; path = MessengerTests.swift; sourceTree = "<group>"; };
		17323EBA2C1A0A710081F08A /* MessengerUITests.xctest */ = {isa = PBXFileReference; explicitFileType = wrapper.cfbundle; includeInIndex = 0; path = MessengerUITests.xctest; sourceTree = BUILT_PRODUCTS_DIR; };
		17323EBE2C1A0A710081F08A /* MessengerUITests.swift */ = {isa = PBXFileReference; lastKnownFileType = sourcecode.swift; path = MessengerUITests.swift; sourceTree = "<group>"; };
		17323EC02C1A0A710081F08A /* MessengerUITestsLaunchTests.swift */ = {isa = PBXFileReference; lastKnownFileType = sourcecode.swift; path = MessengerUITestsLaunchTests.swift; sourceTree = "<group>"; };
		17323ECD2C1A0B270081F08A /* WalkthroughView.swift */ = {isa = PBXFileReference; lastKnownFileType = sourcecode.swift; path = WalkthroughView.swift; sourceTree = "<group>"; };
		17323ECF2C1A0B5C0081F08A /* PrivacyPolicyView.swift */ = {isa = PBXFileReference; lastKnownFileType = sourcecode.swift; path = PrivacyPolicyView.swift; sourceTree = "<group>"; };
		17323ED12C1A0B840081F08A /* TermsOfUseView.swift */ = {isa = PBXFileReference; lastKnownFileType = sourcecode.swift; path = TermsOfUseView.swift; sourceTree = "<group>"; };
		17323ED32C1A0BB70081F08A /* VerificationPhoneView.swift */ = {isa = PBXFileReference; lastKnownFileType = sourcecode.swift; path = VerificationPhoneView.swift; sourceTree = "<group>"; };
		17323ED52C1A226E0081F08A /* VerificationCodeView.swift */ = {isa = PBXFileReference; lastKnownFileType = sourcecode.swift; path = VerificationCodeView.swift; sourceTree = "<group>"; };
		173A7AF02C1A3A530019C33D /* CountryPickerView.swift */ = {isa = PBXFileReference; lastKnownFileType = sourcecode.swift; path = CountryPickerView.swift; sourceTree = "<group>"; };
		173A7AF22C1A52150019C33D /* ProfileAccountView.swift */ = {isa = PBXFileReference; lastKnownFileType = sourcecode.swift; path = ProfileAccountView.swift; sourceTree = "<group>"; };
		1799395B2C1CBD55000711E5 /* SF-Pro-Display-UltralightItalic.otf */ = {isa = PBXFileReference; lastKnownFileType = file; path = "SF-Pro-Display-UltralightItalic.otf"; sourceTree = "<group>"; };
		1799397F2C1CBD71000711E5 /* Info.plist */ = {isa = PBXFileReference; lastKnownFileType = text.plist; path = Info.plist; sourceTree = "<group>"; };
		179AA86C2C1CD43A0005B5D7 /* Font+Typography.swift.swift */ = {isa = PBXFileReference; lastKnownFileType = sourcecode.swift; path = "Font+Typography.swift.swift"; sourceTree = "<group>"; };
		17B20CD12C1CCE62004DC637 /* SF-Pro-Display-ThinItalic.otf */ = {isa = PBXFileReference; lastKnownFileType = file; path = "SF-Pro-Display-ThinItalic.otf"; sourceTree = "<group>"; };
		17B20CD22C1CCE62004DC637 /* SF-Pro-Display-Ultralight.otf */ = {isa = PBXFileReference; lastKnownFileType = file; path = "SF-Pro-Display-Ultralight.otf"; sourceTree = "<group>"; };
		17B20CD42C1CCE63004DC637 /* SF-Pro-Display-Black.otf */ = {isa = PBXFileReference; lastKnownFileType = file; path = "SF-Pro-Display-Black.otf"; sourceTree = "<group>"; };
		17B20CD52C1CCE63004DC637 /* SF-Pro-Display-Light.otf */ = {isa = PBXFileReference; lastKnownFileType = file; path = "SF-Pro-Display-Light.otf"; sourceTree = "<group>"; };
		17B20CD62C1CCE63004DC637 /* SF-Pro-Display-Bold.otf */ = {isa = PBXFileReference; lastKnownFileType = file; path = "SF-Pro-Display-Bold.otf"; sourceTree = "<group>"; };
		17B20CD72C1CCE63004DC637 /* SF-Pro-Display-HeavyItalic.otf */ = {isa = PBXFileReference; lastKnownFileType = file; path = "SF-Pro-Display-HeavyItalic.otf"; sourceTree = "<group>"; };
		17B20CD82C1CCE63004DC637 /* SF-Pro-Display-MediumItalic.otf */ = {isa = PBXFileReference; lastKnownFileType = file; path = "SF-Pro-Display-MediumItalic.otf"; sourceTree = "<group>"; };
		17B20CD92C1CCE63004DC637 /* SF-Pro-Display-RegularItalic.otf */ = {isa = PBXFileReference; lastKnownFileType = file; path = "SF-Pro-Display-RegularItalic.otf"; sourceTree = "<group>"; };
		17B20CDA2C1CCE63004DC637 /* SF-Pro-Display-LightItalic.otf */ = {isa = PBXFileReference; lastKnownFileType = file; path = "SF-Pro-Display-LightItalic.otf"; sourceTree = "<group>"; };
		17B20CDB2C1CCE63004DC637 /* SF-Pro-Display-BoldItalic.otf */ = {isa = PBXFileReference; lastKnownFileType = file; path = "SF-Pro-Display-BoldItalic.otf"; sourceTree = "<group>"; };
		17B20CDC2C1CCE64004DC637 /* SF-Pro-Display-Heavy.otf */ = {isa = PBXFileReference; lastKnownFileType = file; path = "SF-Pro-Display-Heavy.otf"; sourceTree = "<group>"; };
		17B20CDD2C1CCE64004DC637 /* SF-Pro-Display-Regular.otf */ = {isa = PBXFileReference; lastKnownFileType = file; path = "SF-Pro-Display-Regular.otf"; sourceTree = "<group>"; };
		17B20CDE2C1CCE64004DC637 /* SF-Pro-Display-Medium.otf */ = {isa = PBXFileReference; lastKnownFileType = file; path = "SF-Pro-Display-Medium.otf"; sourceTree = "<group>"; };
		17B20CDF2C1CCE64004DC637 /* SF-Pro-Display-BlackItalic.otf */ = {isa = PBXFileReference; lastKnownFileType = file; path = "SF-Pro-Display-BlackItalic.otf"; sourceTree = "<group>"; };
		17B20CE02C1CCE64004DC637 /* SF-Pro-Display-Semibold.otf */ = {isa = PBXFileReference; lastKnownFileType = file; path = "SF-Pro-Display-Semibold.otf"; sourceTree = "<group>"; };
		17B20CE12C1CCE64004DC637 /* SF-Pro-Display-SemiboldItalic.otf */ = {isa = PBXFileReference; lastKnownFileType = file; path = "SF-Pro-Display-SemiboldItalic.otf"; sourceTree = "<group>"; };
		17B20CE22C1CCE64004DC637 /* SF-Pro-Display-Thin.otf */ = {isa = PBXFileReference; lastKnownFileType = file; path = "SF-Pro-Display-Thin.otf"; sourceTree = "<group>"; };
		17F74EE62C1AF36700EAF107 /* Country.swift */ = {isa = PBXFileReference; lastKnownFileType = sourcecode.swift; path = Country.swift; sourceTree = "<group>"; };
		17F74EE82C1AF37600EAF107 /* User.swift */ = {isa = PBXFileReference; lastKnownFileType = sourcecode.swift; path = User.swift; sourceTree = "<group>"; };
		17F74EEA2C1AF38400EAF107 /* NavigationItem.swift */ = {isa = PBXFileReference; lastKnownFileType = sourcecode.swift; path = NavigationItem.swift; sourceTree = "<group>"; };
		17F74EFC2C1AF43400EAF107 /* WalkthroughViewModel.swift */ = {isa = PBXFileReference; lastKnownFileType = sourcecode.swift; path = WalkthroughViewModel.swift; sourceTree = "<group>"; };
		17F74EFE2C1AF44100EAF107 /* VerificationPhoneViewModel.swift */ = {isa = PBXFileReference; lastKnownFileType = sourcecode.swift; path = VerificationPhoneViewModel.swift; sourceTree = "<group>"; };
		17F74F002C1AF44C00EAF107 /* VerificationCodeViewModel.swift */ = {isa = PBXFileReference; lastKnownFileType = sourcecode.swift; path = VerificationCodeViewModel.swift; sourceTree = "<group>"; };
		17F74F022C1AF45800EAF107 /* ProfileAccountViewModel.swift */ = {isa = PBXFileReference; lastKnownFileType = sourcecode.swift; path = ProfileAccountViewModel.swift; sourceTree = "<group>"; };
/* End PBXFileReference section */

/* Begin PBXFrameworksBuildPhase section */
		17323E9D2C1A0A6F0081F08A /* Frameworks */ = {
			isa = PBXFrameworksBuildPhase;
			buildActionMask = 2147483647;
			files = (
			);
			runOnlyForDeploymentPostprocessing = 0;
		};
		17323EAD2C1A0A710081F08A /* Frameworks */ = {
			isa = PBXFrameworksBuildPhase;
			buildActionMask = 2147483647;
			files = (
			);
			runOnlyForDeploymentPostprocessing = 0;
		};
		17323EB72C1A0A710081F08A /* Frameworks */ = {
			isa = PBXFrameworksBuildPhase;
			buildActionMask = 2147483647;
			files = (
			);
			runOnlyForDeploymentPostprocessing = 0;
		};
/* End PBXFrameworksBuildPhase section */

/* Begin PBXGroup section */
		17323E972C1A0A6F0081F08A = {
			isa = PBXGroup;
			children = (
				17323EA22C1A0A6F0081F08A /* Messenger */,
				17323EB32C1A0A710081F08A /* MessengerTests */,
				17323EBD2C1A0A710081F08A /* MessengerUITests */,
				17323EA12C1A0A6F0081F08A /* Products */,
			);
			sourceTree = "<group>";
		};
		17323EA12C1A0A6F0081F08A /* Products */ = {
			isa = PBXGroup;
			children = (
				17323EA02C1A0A6F0081F08A /* Messenger.app */,
				17323EB02C1A0A710081F08A /* MessengerTests.xctest */,
				17323EBA2C1A0A710081F08A /* MessengerUITests.xctest */,
			);
			name = Products;
			sourceTree = "<group>";
		};
		17323EA22C1A0A6F0081F08A /* Messenger */ = {
			isa = PBXGroup;
			children = (
				1799397F2C1CBD71000711E5 /* Info.plist */,
				17323EA32C1A0A6F0081F08A /* MessengerApp.swift */,
				17F74EE32C1AF27D00EAF107 /* Models */,
				17F74EE52C1AF29B00EAF107 /* ViewModels */,
				17F74EE42C1AF28B00EAF107 /* Views */,
				17323EA72C1A0A710081F08A /* Assets.xcassets */,
				17B20CD02C1CCDB6004DC637 /* Fonts */,
				17323EA92C1A0A710081F08A /* Preview Content */,
				179AA86C2C1CD43A0005B5D7 /* Font+Typography.swift.swift */,
			);
			path = Messenger;
			sourceTree = "<group>";
		};
		17323EA92C1A0A710081F08A /* Preview Content */ = {
			isa = PBXGroup;
			children = (
				17323EAA2C1A0A710081F08A /* Preview Assets.xcassets */,
			);
			path = "Preview Content";
			sourceTree = "<group>";
		};
		17323EB32C1A0A710081F08A /* MessengerTests */ = {
			isa = PBXGroup;
			children = (
				17323EB42C1A0A710081F08A /* MessengerTests.swift */,
			);
			path = MessengerTests;
			sourceTree = "<group>";
		};
		17323EBD2C1A0A710081F08A /* MessengerUITests */ = {
			isa = PBXGroup;
			children = (
				17323EBE2C1A0A710081F08A /* MessengerUITests.swift */,
				17323EC02C1A0A710081F08A /* MessengerUITestsLaunchTests.swift */,
			);
			path = MessengerUITests;
			sourceTree = "<group>";
		};
		17B20CD02C1CCDB6004DC637 /* Fonts */ = {
			isa = PBXGroup;
			children = (
				17B20CD42C1CCE63004DC637 /* SF-Pro-Display-Black.otf */,
				17B20CDF2C1CCE64004DC637 /* SF-Pro-Display-BlackItalic.otf */,
				17B20CD62C1CCE63004DC637 /* SF-Pro-Display-Bold.otf */,
				17B20CDB2C1CCE63004DC637 /* SF-Pro-Display-BoldItalic.otf */,
				17B20CDC2C1CCE64004DC637 /* SF-Pro-Display-Heavy.otf */,
				17B20CD72C1CCE63004DC637 /* SF-Pro-Display-HeavyItalic.otf */,
				17B20CD52C1CCE63004DC637 /* SF-Pro-Display-Light.otf */,
				17B20CDA2C1CCE63004DC637 /* SF-Pro-Display-LightItalic.otf */,
				17B20CDE2C1CCE64004DC637 /* SF-Pro-Display-Medium.otf */,
				17B20CD82C1CCE63004DC637 /* SF-Pro-Display-MediumItalic.otf */,
				17B20CDD2C1CCE64004DC637 /* SF-Pro-Display-Regular.otf */,
				17B20CD92C1CCE63004DC637 /* SF-Pro-Display-RegularItalic.otf */,
				17B20CE02C1CCE64004DC637 /* SF-Pro-Display-Semibold.otf */,
				17B20CE12C1CCE64004DC637 /* SF-Pro-Display-SemiboldItalic.otf */,
				17B20CE22C1CCE64004DC637 /* SF-Pro-Display-Thin.otf */,
				17B20CD12C1CCE62004DC637 /* SF-Pro-Display-ThinItalic.otf */,
				17B20CD22C1CCE62004DC637 /* SF-Pro-Display-Ultralight.otf */,
				1799395B2C1CBD55000711E5 /* SF-Pro-Display-UltralightItalic.otf */,
			);
			path = Fonts;
			sourceTree = "<group>";
		};
		17F74EE32C1AF27D00EAF107 /* Models */ = {
			isa = PBXGroup;
			children = (
				17F74EE62C1AF36700EAF107 /* Country.swift */,
				17F74EE82C1AF37600EAF107 /* User.swift */,
				17F74EEA2C1AF38400EAF107 /* NavigationItem.swift */,
				172618872C1B30B1008DD3A0 /* ContentSection.swift */,
			);
			path = Models;
			sourceTree = "<group>";
		};
		17F74EE42C1AF28B00EAF107 /* Views */ = {
			isa = PBXGroup;
			children = (
				17323EA52C1A0A6F0081F08A /* ContentView.swift */,
				17323ECD2C1A0B270081F08A /* WalkthroughView.swift */,
				17323ECF2C1A0B5C0081F08A /* PrivacyPolicyView.swift */,
				17323ED12C1A0B840081F08A /* TermsOfUseView.swift */,
				17323ED32C1A0BB70081F08A /* VerificationPhoneView.swift */,
				17323ED52C1A226E0081F08A /* VerificationCodeView.swift */,
				173A7AF02C1A3A530019C33D /* CountryPickerView.swift */,
				173A7AF22C1A52150019C33D /* ProfileAccountView.swift */,
			);
			path = Views;
			sourceTree = "<group>";
		};
		17F74EE52C1AF29B00EAF107 /* ViewModels */ = {
			isa = PBXGroup;
			children = (
				17F74EFC2C1AF43400EAF107 /* WalkthroughViewModel.swift */,
				172618812C1B2D21008DD3A0 /* PrivacyPolicyViewModel.swift */,
				172618852C1B2EA0008DD3A0 /* TermsOfUseViewModel.swift */,
				17F74EFE2C1AF44100EAF107 /* VerificationPhoneViewModel.swift */,
				17F74F002C1AF44C00EAF107 /* VerificationCodeViewModel.swift */,
				172618892C1B31AA008DD3A0 /* CountryPickerViewModel.swift */,
				17F74F022C1AF45800EAF107 /* ProfileAccountViewModel.swift */,
			);
			path = ViewModels;
			sourceTree = "<group>";
		};
/* End PBXGroup section */

/* Begin PBXNativeTarget section */
		17323E9F2C1A0A6F0081F08A /* Messenger */ = {
			isa = PBXNativeTarget;
			buildConfigurationList = 17323EC42C1A0A710081F08A /* Build configuration list for PBXNativeTarget "Messenger" */;
			buildPhases = (
				17323E9C2C1A0A6F0081F08A /* Sources */,
				17323E9D2C1A0A6F0081F08A /* Frameworks */,
				17323E9E2C1A0A6F0081F08A /* Resources */,
			);
			buildRules = (
			);
			dependencies = (
			);
			name = Messenger;
			productName = Messenger;
			productReference = 17323EA02C1A0A6F0081F08A /* Messenger.app */;
			productType = "com.apple.product-type.application";
		};
		17323EAF2C1A0A710081F08A /* MessengerTests */ = {
			isa = PBXNativeTarget;
			buildConfigurationList = 17323EC72C1A0A710081F08A /* Build configuration list for PBXNativeTarget "MessengerTests" */;
			buildPhases = (
				17323EAC2C1A0A710081F08A /* Sources */,
				17323EAD2C1A0A710081F08A /* Frameworks */,
				17323EAE2C1A0A710081F08A /* Resources */,
			);
			buildRules = (
			);
			dependencies = (
				17323EB22C1A0A710081F08A /* PBXTargetDependency */,
			);
			name = MessengerTests;
			productName = MessengerTests;
			productReference = 17323EB02C1A0A710081F08A /* MessengerTests.xctest */;
			productType = "com.apple.product-type.bundle.unit-test";
		};
		17323EB92C1A0A710081F08A /* MessengerUITests */ = {
			isa = PBXNativeTarget;
			buildConfigurationList = 17323ECA2C1A0A710081F08A /* Build configuration list for PBXNativeTarget "MessengerUITests" */;
			buildPhases = (
				17323EB62C1A0A710081F08A /* Sources */,
				17323EB72C1A0A710081F08A /* Frameworks */,
				17323EB82C1A0A710081F08A /* Resources */,
			);
			buildRules = (
			);
			dependencies = (
				17323EBC2C1A0A710081F08A /* PBXTargetDependency */,
			);
			name = MessengerUITests;
			productName = MessengerUITests;
			productReference = 17323EBA2C1A0A710081F08A /* MessengerUITests.xctest */;
			productType = "com.apple.product-type.bundle.ui-testing";
		};
/* End PBXNativeTarget section */

/* Begin PBXProject section */
		17323E982C1A0A6F0081F08A /* Project object */ = {
			isa = PBXProject;
			attributes = {
				BuildIndependentTargetsInParallel = 1;
				LastSwiftUpdateCheck = 1540;
				LastUpgradeCheck = 1540;
				TargetAttributes = {
					17323E9F2C1A0A6F0081F08A = {
						CreatedOnToolsVersion = 15.4;
					};
					17323EAF2C1A0A710081F08A = {
						CreatedOnToolsVersion = 15.4;
						TestTargetID = 17323E9F2C1A0A6F0081F08A;
					};
					17323EB92C1A0A710081F08A = {
						CreatedOnToolsVersion = 15.4;
						TestTargetID = 17323E9F2C1A0A6F0081F08A;
					};
				};
			};
			buildConfigurationList = 17323E9B2C1A0A6F0081F08A /* Build configuration list for PBXProject "Messenger" */;
			compatibilityVersion = "Xcode 15.0";
			developmentRegion = en;
			hasScannedForEncodings = 0;
			knownRegions = (
				en,
				Base,
			);
			mainGroup = 17323E972C1A0A6F0081F08A;
			productRefGroup = 17323EA12C1A0A6F0081F08A /* Products */;
			projectDirPath = "";
			projectRoot = "";
			targets = (
				17323E9F2C1A0A6F0081F08A /* Messenger */,
				17323EAF2C1A0A710081F08A /* MessengerTests */,
				17323EB92C1A0A710081F08A /* MessengerUITests */,
			);
		};
/* End PBXProject section */

/* Begin PBXResourcesBuildPhase section */
		17323E9E2C1A0A6F0081F08A /* Resources */ = {
			isa = PBXResourcesBuildPhase;
			buildActionMask = 2147483647;
			files = (
				17B20CE62C1CCE64004DC637 /* SF-Pro-Display-Black.otf in Resources */,
				17B20CE32C1CCE64004DC637 /* SF-Pro-Display-ThinItalic.otf in Resources */,
				17B20CED2C1CCE64004DC637 /* SF-Pro-Display-BoldItalic.otf in Resources */,
				17B20CF22C1CCE64004DC637 /* SF-Pro-Display-Semibold.otf in Resources */,
				17B20CF32C1CCE64004DC637 /* SF-Pro-Display-SemiboldItalic.otf in Resources */,
				17B20CE82C1CCE64004DC637 /* SF-Pro-Display-Bold.otf in Resources */,
				1799396D2C1CBD57000711E5 /* SF-Pro-Display-UltralightItalic.otf in Resources */,
				17B20CE42C1CCE64004DC637 /* SF-Pro-Display-Ultralight.otf in Resources */,
				17B20CEC2C1CCE64004DC637 /* SF-Pro-Display-LightItalic.otf in Resources */,
				17B20CEA2C1CCE64004DC637 /* SF-Pro-Display-MediumItalic.otf in Resources */,
				17323EAB2C1A0A710081F08A /* Preview Assets.xcassets in Resources */,
				17B20CEF2C1CCE64004DC637 /* SF-Pro-Display-Regular.otf in Resources */,
				17B20CEB2C1CCE64004DC637 /* SF-Pro-Display-RegularItalic.otf in Resources */,
				17B20CF42C1CCE64004DC637 /* SF-Pro-Display-Thin.otf in Resources */,
				17B20CEE2C1CCE64004DC637 /* SF-Pro-Display-Heavy.otf in Resources */,
				17B20CF12C1CCE64004DC637 /* SF-Pro-Display-BlackItalic.otf in Resources */,
				17B20CE72C1CCE64004DC637 /* SF-Pro-Display-Light.otf in Resources */,
				17323EA82C1A0A710081F08A /* Assets.xcassets in Resources */,
				17B20CE92C1CCE64004DC637 /* SF-Pro-Display-HeavyItalic.otf in Resources */,
				17B20CF02C1CCE64004DC637 /* SF-Pro-Display-Medium.otf in Resources */,
			);
			runOnlyForDeploymentPostprocessing = 0;
		};
		17323EAE2C1A0A710081F08A /* Resources */ = {
			isa = PBXResourcesBuildPhase;
			buildActionMask = 2147483647;
			files = (
			);
			runOnlyForDeploymentPostprocessing = 0;
		};
		17323EB82C1A0A710081F08A /* Resources */ = {
			isa = PBXResourcesBuildPhase;
			buildActionMask = 2147483647;
			files = (
			);
			runOnlyForDeploymentPostprocessing = 0;
		};
/* End PBXResourcesBuildPhase section */

/* Begin PBXSourcesBuildPhase section */
		17323E9C2C1A0A6F0081F08A /* Sources */ = {
			isa = PBXSourcesBuildPhase;
			buildActionMask = 2147483647;
			files = (
				17323ED62C1A226E0081F08A /* VerificationCodeView.swift in Sources */,
				17323ED22C1A0B840081F08A /* TermsOfUseView.swift in Sources */,
				1726188A2C1B31AA008DD3A0 /* CountryPickerViewModel.swift in Sources */,
				17323EA62C1A0A6F0081F08A /* ContentView.swift in Sources */,
				17323ED42C1A0BB70081F08A /* VerificationPhoneView.swift in Sources */,
				17323EA42C1A0A6F0081F08A /* MessengerApp.swift in Sources */,
				17323ECE2C1A0B270081F08A /* WalkthroughView.swift in Sources */,
				179AA86D2C1CD43A0005B5D7 /* Font+Typography.swift.swift in Sources */,
				17F74EEB2C1AF38400EAF107 /* NavigationItem.swift in Sources */,
				17F74EFD2C1AF43400EAF107 /* WalkthroughViewModel.swift in Sources */,
				17323ED02C1A0B5C0081F08A /* PrivacyPolicyView.swift in Sources */,
				173A7AF12C1A3A530019C33D /* CountryPickerView.swift in Sources */,
				172618882C1B30B1008DD3A0 /* ContentSection.swift in Sources */,
				17F74EE72C1AF36700EAF107 /* Country.swift in Sources */,
				17F74F012C1AF44C00EAF107 /* VerificationCodeViewModel.swift in Sources */,
				17F74F032C1AF45800EAF107 /* ProfileAccountViewModel.swift in Sources */,
				173A7AF32C1A52150019C33D /* ProfileAccountView.swift in Sources */,
				17F74EFF2C1AF44100EAF107 /* VerificationPhoneViewModel.swift in Sources */,
				172618862C1B2EA0008DD3A0 /* TermsOfUseViewModel.swift in Sources */,
				17F74EE92C1AF37600EAF107 /* User.swift in Sources */,
				172618822C1B2D21008DD3A0 /* PrivacyPolicyViewModel.swift in Sources */,
			);
			runOnlyForDeploymentPostprocessing = 0;
		};
		17323EAC2C1A0A710081F08A /* Sources */ = {
			isa = PBXSourcesBuildPhase;
			buildActionMask = 2147483647;
			files = (
				17323EB52C1A0A710081F08A /* MessengerTests.swift in Sources */,
			);
			runOnlyForDeploymentPostprocessing = 0;
		};
		17323EB62C1A0A710081F08A /* Sources */ = {
			isa = PBXSourcesBuildPhase;
			buildActionMask = 2147483647;
			files = (
				17323EC12C1A0A710081F08A /* MessengerUITestsLaunchTests.swift in Sources */,
				17323EBF2C1A0A710081F08A /* MessengerUITests.swift in Sources */,
			);
			runOnlyForDeploymentPostprocessing = 0;
		};
/* End PBXSourcesBuildPhase section */

/* Begin PBXTargetDependency section */
		17323EB22C1A0A710081F08A /* PBXTargetDependency */ = {
			isa = PBXTargetDependency;
			target = 17323E9F2C1A0A6F0081F08A /* Messenger */;
			targetProxy = 17323EB12C1A0A710081F08A /* PBXContainerItemProxy */;
		};
		17323EBC2C1A0A710081F08A /* PBXTargetDependency */ = {
			isa = PBXTargetDependency;
			target = 17323E9F2C1A0A6F0081F08A /* Messenger */;
			targetProxy = 17323EBB2C1A0A710081F08A /* PBXContainerItemProxy */;
		};
/* End PBXTargetDependency section */

/* Begin XCBuildConfiguration section */
		17323EC22C1A0A710081F08A /* Debug */ = {
			isa = XCBuildConfiguration;
			buildSettings = {
				ALWAYS_SEARCH_USER_PATHS = NO;
				ASSETCATALOG_COMPILER_GENERATE_SWIFT_ASSET_SYMBOL_EXTENSIONS = YES;
				CLANG_ANALYZER_NONNULL = YES;
				CLANG_ANALYZER_NUMBER_OBJECT_CONVERSION = YES_AGGRESSIVE;
				CLANG_CXX_LANGUAGE_STANDARD = "gnu++20";
				CLANG_ENABLE_MODULES = YES;
				CLANG_ENABLE_OBJC_ARC = YES;
				CLANG_ENABLE_OBJC_WEAK = YES;
				CLANG_WARN_BLOCK_CAPTURE_AUTORELEASING = YES;
				CLANG_WARN_BOOL_CONVERSION = YES;
				CLANG_WARN_COMMA = YES;
				CLANG_WARN_CONSTANT_CONVERSION = YES;
				CLANG_WARN_DEPRECATED_OBJC_IMPLEMENTATIONS = YES;
				CLANG_WARN_DIRECT_OBJC_ISA_USAGE = YES_ERROR;
				CLANG_WARN_DOCUMENTATION_COMMENTS = YES;
				CLANG_WARN_EMPTY_BODY = YES;
				CLANG_WARN_ENUM_CONVERSION = YES;
				CLANG_WARN_INFINITE_RECURSION = YES;
				CLANG_WARN_INT_CONVERSION = YES;
				CLANG_WARN_NON_LITERAL_NULL_CONVERSION = YES;
				CLANG_WARN_OBJC_IMPLICIT_RETAIN_SELF = YES;
				CLANG_WARN_OBJC_LITERAL_CONVERSION = YES;
				CLANG_WARN_OBJC_ROOT_CLASS = YES_ERROR;
				CLANG_WARN_QUOTED_INCLUDE_IN_FRAMEWORK_HEADER = YES;
				CLANG_WARN_RANGE_LOOP_ANALYSIS = YES;
				CLANG_WARN_STRICT_PROTOTYPES = YES;
				CLANG_WARN_SUSPICIOUS_MOVE = YES;
				CLANG_WARN_UNGUARDED_AVAILABILITY = YES_AGGRESSIVE;
				CLANG_WARN_UNREACHABLE_CODE = YES;
				CLANG_WARN__DUPLICATE_METHOD_MATCH = YES;
				COPY_PHASE_STRIP = NO;
				DEBUG_INFORMATION_FORMAT = dwarf;
				ENABLE_STRICT_OBJC_MSGSEND = YES;
				ENABLE_TESTABILITY = YES;
				ENABLE_USER_SCRIPT_SANDBOXING = YES;
				GCC_C_LANGUAGE_STANDARD = gnu17;
				GCC_DYNAMIC_NO_PIC = NO;
				GCC_NO_COMMON_BLOCKS = YES;
				GCC_OPTIMIZATION_LEVEL = 0;
				GCC_PREPROCESSOR_DEFINITIONS = (
					"DEBUG=1",
					"$(inherited)",
				);
				GCC_WARN_64_TO_32_BIT_CONVERSION = YES;
				GCC_WARN_ABOUT_RETURN_TYPE = YES_ERROR;
				GCC_WARN_UNDECLARED_SELECTOR = YES;
				GCC_WARN_UNINITIALIZED_AUTOS = YES_AGGRESSIVE;
				GCC_WARN_UNUSED_FUNCTION = YES;
				GCC_WARN_UNUSED_VARIABLE = YES;
				IPHONEOS_DEPLOYMENT_TARGET = 17.5;
				LOCALIZATION_PREFERS_STRING_CATALOGS = YES;
				MTL_ENABLE_DEBUG_INFO = INCLUDE_SOURCE;
				MTL_FAST_MATH = YES;
				ONLY_ACTIVE_ARCH = YES;
				SDKROOT = iphoneos;
				SWIFT_ACTIVE_COMPILATION_CONDITIONS = "DEBUG $(inherited)";
				SWIFT_OPTIMIZATION_LEVEL = "-Onone";
			};
			name = Debug;
		};
		17323EC32C1A0A710081F08A /* Release */ = {
			isa = XCBuildConfiguration;
			buildSettings = {
				ALWAYS_SEARCH_USER_PATHS = NO;
				ASSETCATALOG_COMPILER_GENERATE_SWIFT_ASSET_SYMBOL_EXTENSIONS = YES;
				CLANG_ANALYZER_NONNULL = YES;
				CLANG_ANALYZER_NUMBER_OBJECT_CONVERSION = YES_AGGRESSIVE;
				CLANG_CXX_LANGUAGE_STANDARD = "gnu++20";
				CLANG_ENABLE_MODULES = YES;
				CLANG_ENABLE_OBJC_ARC = YES;
				CLANG_ENABLE_OBJC_WEAK = YES;
				CLANG_WARN_BLOCK_CAPTURE_AUTORELEASING = YES;
				CLANG_WARN_BOOL_CONVERSION = YES;
				CLANG_WARN_COMMA = YES;
				CLANG_WARN_CONSTANT_CONVERSION = YES;
				CLANG_WARN_DEPRECATED_OBJC_IMPLEMENTATIONS = YES;
				CLANG_WARN_DIRECT_OBJC_ISA_USAGE = YES_ERROR;
				CLANG_WARN_DOCUMENTATION_COMMENTS = YES;
				CLANG_WARN_EMPTY_BODY = YES;
				CLANG_WARN_ENUM_CONVERSION = YES;
				CLANG_WARN_INFINITE_RECURSION = YES;
				CLANG_WARN_INT_CONVERSION = YES;
				CLANG_WARN_NON_LITERAL_NULL_CONVERSION = YES;
				CLANG_WARN_OBJC_IMPLICIT_RETAIN_SELF = YES;
				CLANG_WARN_OBJC_LITERAL_CONVERSION = YES;
				CLANG_WARN_OBJC_ROOT_CLASS = YES_ERROR;
				CLANG_WARN_QUOTED_INCLUDE_IN_FRAMEWORK_HEADER = YES;
				CLANG_WARN_RANGE_LOOP_ANALYSIS = YES;
				CLANG_WARN_STRICT_PROTOTYPES = YES;
				CLANG_WARN_SUSPICIOUS_MOVE = YES;
				CLANG_WARN_UNGUARDED_AVAILABILITY = YES_AGGRESSIVE;
				CLANG_WARN_UNREACHABLE_CODE = YES;
				CLANG_WARN__DUPLICATE_METHOD_MATCH = YES;
				COPY_PHASE_STRIP = NO;
				DEBUG_INFORMATION_FORMAT = "dwarf-with-dsym";
				ENABLE_NS_ASSERTIONS = NO;
				ENABLE_STRICT_OBJC_MSGSEND = YES;
				ENABLE_USER_SCRIPT_SANDBOXING = YES;
				GCC_C_LANGUAGE_STANDARD = gnu17;
				GCC_NO_COMMON_BLOCKS = YES;
				GCC_WARN_64_TO_32_BIT_CONVERSION = YES;
				GCC_WARN_ABOUT_RETURN_TYPE = YES_ERROR;
				GCC_WARN_UNDECLARED_SELECTOR = YES;
				GCC_WARN_UNINITIALIZED_AUTOS = YES_AGGRESSIVE;
				GCC_WARN_UNUSED_FUNCTION = YES;
				GCC_WARN_UNUSED_VARIABLE = YES;
				IPHONEOS_DEPLOYMENT_TARGET = 17.5;
				LOCALIZATION_PREFERS_STRING_CATALOGS = YES;
				MTL_ENABLE_DEBUG_INFO = NO;
				MTL_FAST_MATH = YES;
				SDKROOT = iphoneos;
				SWIFT_COMPILATION_MODE = wholemodule;
				VALIDATE_PRODUCT = YES;
			};
			name = Release;
		};
		17323EC52C1A0A710081F08A /* Debug */ = {
			isa = XCBuildConfiguration;
			buildSettings = {
				ASSETCATALOG_COMPILER_APPICON_NAME = AppIcon;
				ASSETCATALOG_COMPILER_GLOBAL_ACCENT_COLOR_NAME = AccentColor;
				CODE_SIGN_STYLE = Automatic;
				CURRENT_PROJECT_VERSION = 1;
				DEVELOPMENT_ASSET_PATHS = "\"Messenger/Preview Content\"";
				ENABLE_PREVIEWS = YES;
				GENERATE_INFOPLIST_FILE = YES;
				INFOPLIST_FILE = Messenger/Info.plist;
				INFOPLIST_KEY_UIApplicationSceneManifest_Generation = YES;
				INFOPLIST_KEY_UIApplicationSupportsIndirectInputEvents = YES;
				INFOPLIST_KEY_UILaunchScreen_Generation = YES;
				INFOPLIST_KEY_UISupportedInterfaceOrientations_iPad = "UIInterfaceOrientationPortrait UIInterfaceOrientationPortraitUpsideDown UIInterfaceOrientationLandscapeLeft UIInterfaceOrientationLandscapeRight";
				INFOPLIST_KEY_UISupportedInterfaceOrientations_iPhone = "UIInterfaceOrientationPortrait UIInterfaceOrientationLandscapeLeft UIInterfaceOrientationLandscapeRight";
				IPHONEOS_DEPLOYMENT_TARGET = 17.0;
				LD_RUNPATH_SEARCH_PATHS = (
					"$(inherited)",
					"@executable_path/Frameworks",
				);
				MARKETING_VERSION = 1.0;
				PRODUCT_BUNDLE_IDENTIFIER = com.example.Messenger;
				PRODUCT_NAME = "$(TARGET_NAME)";
				SWIFT_EMIT_LOC_STRINGS = YES;
				SWIFT_VERSION = 5.0;
				TARGETED_DEVICE_FAMILY = "1,2";
			};
			name = Debug;
		};
		17323EC62C1A0A710081F08A /* Release */ = {
			isa = XCBuildConfiguration;
			buildSettings = {
				ASSETCATALOG_COMPILER_APPICON_NAME = AppIcon;
				ASSETCATALOG_COMPILER_GLOBAL_ACCENT_COLOR_NAME = AccentColor;
				CODE_SIGN_STYLE = Automatic;
				CURRENT_PROJECT_VERSION = 1;
				DEVELOPMENT_ASSET_PATHS = "\"Messenger/Preview Content\"";
				ENABLE_PREVIEWS = YES;
				GENERATE_INFOPLIST_FILE = YES;
				INFOPLIST_FILE = Messenger/Info.plist;
				INFOPLIST_KEY_UIApplicationSceneManifest_Generation = YES;
				INFOPLIST_KEY_UIApplicationSupportsIndirectInputEvents = YES;
				INFOPLIST_KEY_UILaunchScreen_Generation = YES;
				INFOPLIST_KEY_UISupportedInterfaceOrientations_iPad = "UIInterfaceOrientationPortrait UIInterfaceOrientationPortraitUpsideDown UIInterfaceOrientationLandscapeLeft UIInterfaceOrientationLandscapeRight";
				INFOPLIST_KEY_UISupportedInterfaceOrientations_iPhone = "UIInterfaceOrientationPortrait UIInterfaceOrientationLandscapeLeft UIInterfaceOrientationLandscapeRight";
				IPHONEOS_DEPLOYMENT_TARGET = 17.0;
				LD_RUNPATH_SEARCH_PATHS = (
					"$(inherited)",
					"@executable_path/Frameworks",
				);
				MARKETING_VERSION = 1.0;
				PRODUCT_BUNDLE_IDENTIFIER = com.example.Messenger;
				PRODUCT_NAME = "$(TARGET_NAME)";
				SWIFT_EMIT_LOC_STRINGS = YES;
				SWIFT_VERSION = 5.0;
				TARGETED_DEVICE_FAMILY = "1,2";
			};
			name = Release;
		};
		17323EC82C1A0A710081F08A /* Debug */ = {
			isa = XCBuildConfiguration;
			buildSettings = {
				ALWAYS_EMBED_SWIFT_STANDARD_LIBRARIES = YES;
				BUNDLE_LOADER = "$(TEST_HOST)";
				CODE_SIGN_STYLE = Automatic;
				CURRENT_PROJECT_VERSION = 1;
				GENERATE_INFOPLIST_FILE = YES;
				IPHONEOS_DEPLOYMENT_TARGET = 17.5;
				MARKETING_VERSION = 1.0;
				PRODUCT_BUNDLE_IDENTIFIER = com.example.MessengerTests;
				PRODUCT_NAME = "$(TARGET_NAME)";
				SWIFT_EMIT_LOC_STRINGS = NO;
				SWIFT_VERSION = 5.0;
				TARGETED_DEVICE_FAMILY = "1,2";
				TEST_HOST = "$(BUILT_PRODUCTS_DIR)/Messenger.app/$(BUNDLE_EXECUTABLE_FOLDER_PATH)/Messenger";
			};
			name = Debug;
		};
		17323EC92C1A0A710081F08A /* Release */ = {
			isa = XCBuildConfiguration;
			buildSettings = {
				ALWAYS_EMBED_SWIFT_STANDARD_LIBRARIES = YES;
				BUNDLE_LOADER = "$(TEST_HOST)";
				CODE_SIGN_STYLE = Automatic;
				CURRENT_PROJECT_VERSION = 1;
				GENERATE_INFOPLIST_FILE = YES;
				IPHONEOS_DEPLOYMENT_TARGET = 17.5;
				MARKETING_VERSION = 1.0;
				PRODUCT_BUNDLE_IDENTIFIER = com.example.MessengerTests;
				PRODUCT_NAME = "$(TARGET_NAME)";
				SWIFT_EMIT_LOC_STRINGS = NO;
				SWIFT_VERSION = 5.0;
				TARGETED_DEVICE_FAMILY = "1,2";
				TEST_HOST = "$(BUILT_PRODUCTS_DIR)/Messenger.app/$(BUNDLE_EXECUTABLE_FOLDER_PATH)/Messenger";
			};
			name = Release;
		};
		17323ECB2C1A0A710081F08A /* Debug */ = {
			isa = XCBuildConfiguration;
			buildSettings = {
				ALWAYS_EMBED_SWIFT_STANDARD_LIBRARIES = YES;
				CODE_SIGN_STYLE = Automatic;
				CURRENT_PROJECT_VERSION = 1;
				GENERATE_INFOPLIST_FILE = YES;
				MARKETING_VERSION = 1.0;
				PRODUCT_BUNDLE_IDENTIFIER = com.example.MessengerUITests;
				PRODUCT_NAME = "$(TARGET_NAME)";
				SWIFT_EMIT_LOC_STRINGS = NO;
				SWIFT_VERSION = 5.0;
				TARGETED_DEVICE_FAMILY = "1,2";
				TEST_TARGET_NAME = Messenger;
			};
			name = Debug;
		};
		17323ECC2C1A0A710081F08A /* Release */ = {
			isa = XCBuildConfiguration;
			buildSettings = {
				ALWAYS_EMBED_SWIFT_STANDARD_LIBRARIES = YES;
				CODE_SIGN_STYLE = Automatic;
				CURRENT_PROJECT_VERSION = 1;
				GENERATE_INFOPLIST_FILE = YES;
				MARKETING_VERSION = 1.0;
				PRODUCT_BUNDLE_IDENTIFIER = com.example.MessengerUITests;
				PRODUCT_NAME = "$(TARGET_NAME)";
				SWIFT_EMIT_LOC_STRINGS = NO;
				SWIFT_VERSION = 5.0;
				TARGETED_DEVICE_FAMILY = "1,2";
				TEST_TARGET_NAME = Messenger;
			};
			name = Release;
		};
/* End XCBuildConfiguration section */

/* Begin XCConfigurationList section */
		17323E9B2C1A0A6F0081F08A /* Build configuration list for PBXProject "Messenger" */ = {
			isa = XCConfigurationList;
			buildConfigurations = (
				17323EC22C1A0A710081F08A /* Debug */,
				17323EC32C1A0A710081F08A /* Release */,
			);
			defaultConfigurationIsVisible = 0;
			defaultConfigurationName = Release;
		};
		17323EC42C1A0A710081F08A /* Build configuration list for PBXNativeTarget "Messenger" */ = {
			isa = XCConfigurationList;
			buildConfigurations = (
				17323EC52C1A0A710081F08A /* Debug */,
				17323EC62C1A0A710081F08A /* Release */,
			);
			defaultConfigurationIsVisible = 0;
			defaultConfigurationName = Release;
		};
		17323EC72C1A0A710081F08A /* Build configuration list for PBXNativeTarget "MessengerTests" */ = {
			isa = XCConfigurationList;
			buildConfigurations = (
				17323EC82C1A0A710081F08A /* Debug */,
				17323EC92C1A0A710081F08A /* Release */,
			);
			defaultConfigurationIsVisible = 0;
			defaultConfigurationName = Release;
		};
		17323ECA2C1A0A710081F08A /* Build configuration list for PBXNativeTarget "MessengerUITests" */ = {
			isa = XCConfigurationList;
			buildConfigurations = (
				17323ECB2C1A0A710081F08A /* Debug */,
				17323ECC2C1A0A710081F08A /* Release */,
			);
			defaultConfigurationIsVisible = 0;
			defaultConfigurationName = Release;
		};
/* End XCConfigurationList section */
	};
	rootObject = 17323E982C1A0A6F0081F08A /* Project object */;
}
